
Microsoft Visual Studio Solution File, Format Version 12.00
# Visual Studio Version 16
VisualStudioVersion = 16.0.30128.74
MinimumVisualStudioVersion = 10.0.40219.1
Project("{FAE04EC0-301F-11D3-BF4B-00C04F79EFBC}") = "StackTeck File Transfer", "StackTeck File Transfer\StackTeck File Transfer.csproj", "{16ECC565-BFA5-485F-BBA5-961CF1BDC3EE}"
EndProject
Global
	GlobalSection(SolutionConfigurationPlatforms) = preSolution
		Debug|Any CPU = Debug|Any CPU
		Release|Any CPU = Release|Any CPU
	EndGlobalSection
	GlobalSection(ProjectConfigurationPlatforms) = postSolution
		{16ECC565-BFA5-485F-BBA5-961CF1BDC3EE}.Debug|Any CPU.ActiveCfg = Debug|Any CPU
		{16ECC565-BFA5-485F-BBA5-961CF1BDC3EE}.Debug|Any CPU.Build.0 = Debug|Any CPU
		{16ECC565-BFA5-485F-BBA5-961CF1BDC3EE}.Release|Any CPU.ActiveCfg = Release|Any CPU
		{16ECC565-BFA5-485F-BBA5-961CF1BDC3EE}.Release|Any CPU.Build.0 = Release|Any CPU
	EndGlobalSection
	GlobalSection(SolutionProperties) = preSolution
		HideSolutionNode = FALSE
	EndGlobalSection
	GlobalSection(ExtensibilityGlobals) = postSolution
		SolutionGuid = {0EE12DA7-D5A1-48DB-9125-A70D30862783}
	EndGlobalSection
EndGlobal
